// !$*UTF8*$!
{
	archiveVersion = 1;
	classes = {
	};
	objectVersion = 46;
	objects = {

/* Begin PBXBuildFile section */
		44F192D71C31336700F2C426 /* main.m in Sources */ = {isa = PBXBuildFile; fileRef = 44F192D61C31336700F2C426 /* main.m */; };
		44F192DA1C31336700F2C426 /* AppDelegate.m in Sources */ = {isa = PBXBuildFile; fileRef = 44F192D91C31336700F2C426 /* AppDelegate.m */; };
		44F192DD1C31336700F2C426 /* ViewController.m in Sources */ = {isa = PBXBuildFile; fileRef = 44F192DC1C31336700F2C426 /* ViewController.m */; };
		44F192E01C31336700F2C426 /* Main.storyboard in Resources */ = {isa = PBXBuildFile; fileRef = 44F192DE1C31336700F2C426 /* Main.storyboard */; };
		44F192E21C31336700F2C426 /* Assets.xcassets in Resources */ = {isa = PBXBuildFile; fileRef = 44F192E11C31336700F2C426 /* Assets.xcassets */; };
		44F192E51C31336700F2C426 /* LaunchScreen.storyboard in Resources */ = {isa = PBXBuildFile; fileRef = 44F192E31C31336700F2C426 /* LaunchScreen.storyboard */; };
		44F192F01C31336700F2C426 /* HRMusicTests.m in Sources */ = {isa = PBXBuildFile; fileRef = 44F192EF1C31336700F2C426 /* HRMusicTests.m */; };
		44F192FB1C31336700F2C426 /* HRMusicUITests.m in Sources */ = {isa = PBXBuildFile; fileRef = 44F192FA1C31336700F2C426 /* HRMusicUITests.m */; };
/* End PBXBuildFile section */

/* Begin PBXContainerItemProxy section */
		44F192EC1C31336700F2C426 /* PBXContainerItemProxy */ = {
			isa = PBXContainerItemProxy;
			containerPortal = 44F192CA1C31336700F2C426 /* Project object */;
			proxyType = 1;
			remoteGlobalIDString = 44F192D11C31336700F2C426;
			remoteInfo = HRMusic;
		};
		44F192F71C31336700F2C426 /* PBXContainerItemProxy */ = {
			isa = PBXContainerItemProxy;
			containerPortal = 44F192CA1C31336700F2C426 /* Project object */;
			proxyType = 1;
			remoteGlobalIDString = 44F192D11C31336700F2C426;
			remoteInfo = HRMusic;
		};
/* End PBXContainerItemProxy section */

/* Begin PBXFileReference section */
		44F192D21C31336700F2C426 /* HRMusic.app */ = {isa = PBXFileReference; explicitFileType = wrapper.application; includeInIndex = 0; path = HRMusic.app; sourceTree = BUILT_PRODUCTS_DIR; };
		44F192D61C31336700F2C426 /* main.m */ = {isa = PBXFileReference; lastKnownFileType = sourcecode.c.objc; path = main.m; sourceTree = "<group>"; };
		44F192D81C31336700F2C426 /* AppDelegate.h */ = {isa = PBXFileReference; lastKnownFileType = sourcecode.c.h; path = AppDelegate.h; sourceTree = "<group>"; };
		44F192D91C31336700F2C426 /* AppDelegate.m */ = {isa = PBXFileReference; lastKnownFileType = sourcecode.c.objc; path = AppDelegate.m; sourceTree = "<group>"; };
		44F192DB1C31336700F2C426 /* ViewController.h */ = {isa = PBXFileReference; lastKnownFileType = sourcecode.c.h; path = ViewController.h; sourceTree = "<group>"; };
		44F192DC1C31336700F2C426 /* ViewController.m */ = {isa = PBXFileReference; lastKnownFileType = sourcecode.c.objc; path = ViewController.m; sourceTree = "<group>"; };
		44F192DF1C31336700F2C426 /* Base */ = {isa = PBXFileReference; lastKnownFileType = file.storyboard; name = Base; path = Base.lproj/Main.storyboard; sourceTree = "<group>"; };
		44F192E11C31336700F2C426 /* Assets.xcassets */ = {isa = PBXFileReference; lastKnownFileType = folder.assetcatalog; path = Assets.xcassets; sourceTree = "<group>"; };
		44F192E41C31336700F2C426 /* Base */ = {isa = PBXFileReference; lastKnownFileType = file.storyboard; name = Base; path = Base.lproj/LaunchScreen.storyboard; sourceTree = "<group>"; };
		44F192E61C31336700F2C426 /* Info.plist */ = {isa = PBXFileReference; lastKnownFileType = text.plist.xml; path = Info.plist; sourceTree = "<group>"; };
		44F192EB1C31336700F2C426 /* HRMusicTests.xctest */ = {isa = PBXFileReference; explicitFileType = wrapper.cfbundle; includeInIndex = 0; path = HRMusicTests.xctest; sourceTree = BUILT_PRODUCTS_DIR; };
		44F192EF1C31336700F2C426 /* HRMusicTests.m */ = {isa = PBXFileReference; lastKnownFileType = sourcecode.c.objc; path = HRMusicTests.m; sourceTree = "<group>"; };
		44F192F11C31336700F2C426 /* Info.plist */ = {isa = PBXFileReference; lastKnownFileType = text.plist.xml; path = Info.plist; sourceTree = "<group>"; };
		44F192F61C31336700F2C426 /* HRMusicUITests.xctest */ = {isa = PBXFileReference; explicitFileType = wrapper.cfbundle; includeInIndex = 0; path = HRMusicUITests.xctest; sourceTree = BUILT_PRODUCTS_DIR; };
		44F192FA1C31336700F2C426 /* HRMusicUITests.m */ = {isa = PBXFileReference; lastKnownFileType = sourcecode.c.objc; path = HRMusicUITests.m; sourceTree = "<group>"; };
		44F192FC1C31336700F2C426 /* Info.plist */ = {isa = PBXFileReference; lastKnownFileType = text.plist.xml; path = Info.plist; sourceTree = "<group>"; };
/* End PBXFileReference section */

/* Begin PBXFrameworksBuildPhase section */
		44F192CF1C31336700F2C426 /* Frameworks */ = {
			isa = PBXFrameworksBuildPhase;
			buildActionMask = 2147483647;
			files = (
			);
			runOnlyForDeploymentPostprocessing = 0;
		};
		44F192E81C31336700F2C426 /* Frameworks */ = {
			isa = PBXFrameworksBuildPhase;
			buildActionMask = 2147483647;
			files = (
			);
			runOnlyForDeploymentPostprocessing = 0;
		};
		44F192F31C31336700F2C426 /* Frameworks */ = {
			isa = PBXFrameworksBuildPhase;
			buildActionMask = 2147483647;
			files = (
			);
			runOnlyForDeploymentPostprocessing = 0;
		};
/* End PBXFrameworksBuildPhase section */

/* Begin PBXGroup section */
		44F192C91C31336700F2C426 = {
			isa = PBXGroup;
			children = (
				44F192D41C31336700F2C426 /* HRMusic */,
				44F192EE1C31336700F2C426 /* HRMusicTests */,
				44F192F91C31336700F2C426 /* HRMusicUITests */,
				44F192D31C31336700F2C426 /* Products */,
			);
			sourceTree = "<group>";
		};
		44F192D31C31336700F2C426 /* Products */ = {
			isa = PBXGroup;
			children = (
				44F192D21C31336700F2C426 /* HRMusic.app */,
				44F192EB1C31336700F2C426 /* HRMusicTests.xctest */,
				44F192F61C31336700F2C426 /* HRMusicUITests.xctest */,
			);
			name = Products;
			sourceTree = "<group>";
		};
		44F192D41C31336700F2C426 /* HRMusic */ = {
			isa = PBXGroup;
			children = (
				44F192D81C31336700F2C426 /* AppDelegate.h */,
				44F192D91C31336700F2C426 /* AppDelegate.m */,
				44F192DB1C31336700F2C426 /* ViewController.h */,
				44F192DC1C31336700F2C426 /* ViewController.m */,
				44F192DE1C31336700F2C426 /* Main.storyboard */,
				44F192E11C31336700F2C426 /* Assets.xcassets */,
				44F192E31C31336700F2C426 /* LaunchScreen.storyboard */,
				44F192E61C31336700F2C426 /* Info.plist */,
				44F192D51C31336700F2C426 /* Supporting Files */,
			);
			path = HRMusic;
			sourceTree = "<group>";
		};
		44F192D51C31336700F2C426 /* Supporting Files */ = {
			isa = PBXGroup;
			children = (
				44F192D61C31336700F2C426 /* main.m */,
			);
			name = "Supporting Files";
			sourceTree = "<group>";
		};
		44F192EE1C31336700F2C426 /* HRMusicTests */ = {
			isa = PBXGroup;
			children = (
				44F192EF1C31336700F2C426 /* HRMusicTests.m */,
				44F192F11C31336700F2C426 /* Info.plist */,
			);
			path = HRMusicTests;
			sourceTree = "<group>";
		};
		44F192F91C31336700F2C426 /* HRMusicUITests */ = {
			isa = PBXGroup;
			children = (
				44F192FA1C31336700F2C426 /* HRMusicUITests.m */,
				44F192FC1C31336700F2C426 /* Info.plist */,
			);
			path = HRMusicUITests;
			sourceTree = "<group>";
		};
/* End PBXGroup section */

/* Begin PBXNativeTarget section */
		44F192D11C31336700F2C426 /* HRMusic */ = {
			isa = PBXNativeTarget;
			buildConfigurationList = 44F192FF1C31336700F2C426 /* Build configuration list for PBXNativeTarget "HRMusic" */;
			buildPhases = (
				44F192CE1C31336700F2C426 /* Sources */,
				44F192CF1C31336700F2C426 /* Frameworks */,
				44F192D01C31336700F2C426 /* Resources */,
			);
			buildRules = (
			);
			dependencies = (
			);
			name = HRMusic;
			productName = HRMusic;
			productReference = 44F192D21C31336700F2C426 /* HRMusic.app */;
			productType = "com.apple.product-type.application";
		};
		44F192EA1C31336700F2C426 /* HRMusicTests */ = {
			isa = PBXNativeTarget;
			buildConfigurationList = 44F193021C31336700F2C426 /* Build configuration list for PBXNativeTarget "HRMusicTests" */;
			buildPhases = (
				44F192E71C31336700F2C426 /* Sources */,
				44F192E81C31336700F2C426 /* Frameworks */,
				44F192E91C31336700F2C426 /* Resources */,
			);
			buildRules = (
			);
			dependencies = (
				44F192ED1C31336700F2C426 /* PBXTargetDependency */,
			);
			name = HRMusicTests;
			productName = HRMusicTests;
			productReference = 44F192EB1C31336700F2C426 /* HRMusicTests.xctest */;
			productType = "com.apple.product-type.bundle.unit-test";
		};
		44F192F51C31336700F2C426 /* HRMusicUITests */ = {
			isa = PBXNativeTarget;
			buildConfigurationList = 44F193051C31336700F2C426 /* Build configuration list for PBXNativeTarget "HRMusicUITests" */;
			buildPhases = (
				44F192F21C31336700F2C426 /* Sources */,
				44F192F31C31336700F2C426 /* Frameworks */,
				44F192F41C31336700F2C426 /* Resources */,
			);
			buildRules = (
			);
			dependencies = (
				44F192F81C31336700F2C426 /* PBXTargetDependency */,
			);
			name = HRMusicUITests;
			productName = HRMusicUITests;
			productReference = 44F192F61C31336700F2C426 /* HRMusicUITests.xctest */;
			productType = "com.apple.product-type.bundle.ui-testing";
		};
/* End PBXNativeTarget section */

/* Begin PBXProject section */
		44F192CA1C31336700F2C426 /* Project object */ = {
			isa = PBXProject;
			attributes = {
				LastUpgradeCheck = 0710;
				ORGANIZATIONNAME = Yangwei;
				TargetAttributes = {
					44F192D11C31336700F2C426 = {
						CreatedOnToolsVersion = 7.1.1;
					};
					44F192EA1C31336700F2C426 = {
						CreatedOnToolsVersion = 7.1.1;
						TestTargetID = 44F192D11C31336700F2C426;
					};
					44F192F51C31336700F2C426 = {
						CreatedOnToolsVersion = 7.1.1;
						TestTargetID = 44F192D11C31336700F2C426;
					};
				};
			};
			buildConfigurationList = 44F192CD1C31336700F2C426 /* Build configuration list for PBXProject "HRMusic" */;
			compatibilityVersion = "Xcode 3.2";
			developmentRegion = English;
			hasScannedForEncodings = 0;
			knownRegions = (
				en,
				Base,
			);
			mainGroup = 44F192C91C31336700F2C426;
			productRefGroup = 44F192D31C31336700F2C426 /* Products */;
			projectDirPath = "";
			projectRoot = "";
			targets = (
				44F192D11C31336700F2C426 /* HRMusic */,
				44F192EA1C31336700F2C426 /* HRMusicTests */,
				44F192F51C31336700F2C426 /* HRMusicUITests */,
			);
		};
/* End PBXProject section */

/* Begin PBXResourcesBuildPhase section */
		44F192D01C31336700F2C426 /* Resources */ = {
			isa = PBXResourcesBuildPhase;
			buildActionMask = 2147483647;
			files = (
				44F192E51C31336700F2C426 /* LaunchScreen.storyboard in Resources */,
				44F192E21C31336700F2C426 /* Assets.xcassets in Resources */,
				44F192E01C31336700F2C426 /* Main.storyboard in Resources */,
			);
			runOnlyForDeploymentPostprocessing = 0;
		};
		44F192E91C31336700F2C426 /* Resources */ = {
			isa = PBXResourcesBuildPhase;
			buildActionMask = 2147483647;
			files = (
			);
			runOnlyForDeploymentPostprocessing = 0;
		};
		44F192F41C31336700F2C426 /* Resources */ = {
			isa = PBXResourcesBuildPhase;
			buildActionMask = 2147483647;
			files = (
			);
			runOnlyForDeploymentPostprocessing = 0;
		};
/* End PBXResourcesBuildPhase section */

/* Begin PBXSourcesBuildPhase section */
		44F192CE1C31336700F2C426 /* Sources */ = {
			isa = PBXSourcesBuildPhase;
			buildActionMask = 2147483647;
			files = (
				44F192DD1C31336700F2C426 /* ViewController.m in Sources */,
				44F192DA1C31336700F2C426 /* AppDelegate.m in Sources */,
				44F192D71C31336700F2C426 /* main.m in Sources */,
			);
			runOnlyForDeploymentPostprocessing = 0;
		};
		44F192E71C31336700F2C426 /* Sources */ = {
			isa = PBXSourcesBuildPhase;
			buildActionMask = 2147483647;
			files = (
				44F192F01C31336700F2C426 /* HRMusicTests.m in Sources */,
			);
			runOnlyForDeploymentPostprocessing = 0;
		};
		44F192F21C31336700F2C426 /* Sources */ = {
			isa = PBXSourcesBuildPhase;
			buildActionMask = 2147483647;
			files = (
				44F192FB1C31336700F2C426 /* HRMusicUITests.m in Sources */,
			);
			runOnlyForDeploymentPostprocessing = 0;
		};
/* End PBXSourcesBuildPhase section */

/* Begin PBXTargetDependency section */
		44F192ED1C31336700F2C426 /* PBXTargetDependency */ = {
			isa = PBXTargetDependency;
			target = 44F192D11C31336700F2C426 /* HRMusic */;
			targetProxy = 44F192EC1C31336700F2C426 /* PBXContainerItemProxy */;
		};
		44F192F81C31336700F2C426 /* PBXTargetDependency */ = {
			isa = PBXTargetDependency;
			target = 44F192D11C31336700F2C426 /* HRMusic */;
			targetProxy = 44F192F71C31336700F2C426 /* PBXContainerItemProxy */;
		};
/* End PBXTargetDependency section */

/* Begin PBXVariantGroup section */
		44F192DE1C31336700F2C426 /* Main.storyboard */ = {
			isa = PBXVariantGroup;
			children = (
				44F192DF1C31336700F2C426 /* Base */,
			);
			name = Main.storyboard;
			sourceTree = "<group>";
		};
		44F192E31C31336700F2C426 /* LaunchScreen.storyboard */ = {
			isa = PBXVariantGroup;
			children = (
				44F192E41C31336700F2C426 /* Base */,
			);
			name = LaunchScreen.storyboard;
			sourceTree = "<group>";
		};
/* End PBXVariantGroup section */

/* Begin XCBuildConfiguration section */
		44F192FD1C31336700F2C426 /* Debug */ = {
			isa = XCBuildConfiguration;
			buildSettings = {
				ALWAYS_SEARCH_USER_PATHS = NO;
				CLANG_CXX_LANGUAGE_STANDARD = "gnu++0x";
				CLANG_CXX_LIBRARY = "libc++";
				CLANG_ENABLE_MODULES = YES;
				CLANG_ENABLE_OBJC_ARC = YES;
				CLANG_WARN_BOOL_CONVERSION = YES;
				CLANG_WARN_CONSTANT_CONVERSION = YES;
				CLANG_WARN_DIRECT_OBJC_ISA_USAGE = YES_ERROR;
				CLANG_WARN_EMPTY_BODY = YES;
				CLANG_WARN_ENUM_CONVERSION = YES;
				CLANG_WARN_INT_CONVERSION = YES;
				CLANG_WARN_OBJC_ROOT_CLASS = YES_ERROR;
				CLANG_WARN_UNREACHABLE_CODE = YES;
				CLANG_WARN__DUPLICATE_METHOD_MATCH = YES;
				"CODE_SIGN_IDENTITY[sdk=iphoneos*]" = "iPhone Developer";
				COPY_PHASE_STRIP = NO;
				DEBUG_INFORMATION_FORMAT = dwarf;
				ENABLE_STRICT_OBJC_MSGSEND = YES;
				ENABLE_TESTABILITY = YES;
				GCC_C_LANGUAGE_STANDARD = gnu99;
				GCC_DYNAMIC_NO_PIC = NO;
				GCC_NO_COMMON_BLOCKS = YES;
				GCC_OPTIMIZATION_LEVEL = 0;
				GCC_PREPROCESSOR_DEFINITIONS = (
					"DEBUG=1",
					"$(inherited)",
				);
				GCC_WARN_64_TO_32_BIT_CONVERSION = YES;
				GCC_WARN_ABOUT_RETURN_TYPE = YES_ERROR;
				GCC_WARN_UNDECLARED_SELECTOR = YES;
				GCC_WARN_UNINITIALIZED_AUTOS = YES_AGGRESSIVE;
				GCC_WARN_UNUSED_FUNCTION = YES;
				GCC_WARN_UNUSED_VARIABLE = YES;
				IPHONEOS_DEPLOYMENT_TARGET = 9.1;
				MTL_ENABLE_DEBUG_INFO = YES;
				ONLY_ACTIVE_ARCH = YES;
				SDKROOT = iphoneos;
			};
			name = Debug;
		};
		44F192FE1C31336700F2C426 /* Release */ = {
			isa = XCBuildConfiguration;
			buildSettings = {
				ALWAYS_SEARCH_USER_PATHS = NO;
				CLANG_CXX_LANGUAGE_STANDARD = "gnu++0x";
				CLANG_CXX_LIBRARY = "libc++";
				CLANG_ENABLE_MODULES = YES;
				CLANG_ENABLE_OBJC_ARC = YES;
				CLANG_WARN_BOOL_CONVERSION = YES;
				CLANG_WARN_CONSTANT_CONVERSION = YES;
				CLANG_WARN_DIRECT_OBJC_ISA_USAGE = YES_ERROR;
				CLANG_WARN_EMPTY_BODY = YES;
				CLANG_WARN_ENUM_CONVERSION = YES;
				CLANG_WARN_INT_CONVERSION = YES;
				CLANG_WARN_OBJC_ROOT_CLASS = YES_ERROR;
				CLANG_WARN_UNREACHABLE_CODE = YES;
				CLANG_WARN__DUPLICATE_METHOD_MATCH = YES;
				"CODE_SIGN_IDENTITY[sdk=iphoneos*]" = "iPhone Developer";
				COPY_PHASE_STRIP = NO;
				DEBUG_INFORMATION_FORMAT = "dwarf-with-dsym";
				ENABLE_NS_ASSERTIONS = NO;
				ENABLE_STRICT_OBJC_MSGSEND = YES;
				GCC_C_LANGUAGE_STANDARD = gnu99;
				GCC_NO_COMMON_BLOCKS = YES;
				GCC_WARN_64_TO_32_BIT_CONVERSION = YES;
				GCC_WARN_ABOUT_RETURN_TYPE = YES_ERROR;
				GCC_WARN_UNDECLARED_SELECTOR = YES;
				GCC_WARN_UNINITIALIZED_AUTOS = YES_AGGRESSIVE;
				GCC_WARN_UNUSED_FUNCTION = YES;
				GCC_WARN_UNUSED_VARIABLE = YES;
				IPHONEOS_DEPLOYMENT_TARGET = 9.1;
				MTL_ENABLE_DEBUG_INFO = NO;
				SDKROOT = iphoneos;
				VALIDATE_PRODUCT = YES;
			};
			name = Release;
		};
		44F193001C31336700F2C426 /* Debug */ = {
			isa = XCBuildConfiguration;
			buildSettings = {
				ASSETCATALOG_COMPILER_APPICON_NAME = AppIcon;
				INFOPLIST_FILE = HRMusic/Info.plist;
				LD_RUNPATH_SEARCH_PATHS = "$(inherited) @executable_path/Frameworks";
				PRODUCT_BUNDLE_IDENTIFIER = com.hr.HRMusic;
				PRODUCT_NAME = "$(TARGET_NAME)";
			};
			name = Debug;
		};
		44F193011C31336700F2C426 /* Release */ = {
			isa = XCBuildConfiguration;
			buildSettings = {
				ASSETCATALOG_COMPILER_APPICON_NAME = AppIcon;
				INFOPLIST_FILE = HRMusic/Info.plist;
				LD_RUNPATH_SEARCH_PATHS = "$(inherited) @executable_path/Frameworks";
				PRODUCT_BUNDLE_IDENTIFIER = com.hr.HRMusic;
				PRODUCT_NAME = "$(TARGET_NAME)";
			};
			name = Release;
		};
		44F193031C31336700F2C426 /* Debug */ = {
			isa = XCBuildConfiguration;
			buildSettings = {
				BUNDLE_LOADER = "$(TEST_HOST)";
				INFOPLIST_FILE = HRMusicTests/Info.plist;
				LD_RUNPATH_SEARCH_PATHS = "$(inherited) @executable_path/Frameworks @loader_path/Frameworks";
				PRODUCT_BUNDLE_IDENTIFIER = com.hr.HRMusicTests;
				PRODUCT_NAME = "$(TARGET_NAME)";
				TEST_HOST = "$(BUILT_PRODUCTS_DIR)/HRMusic.app/HRMusic";
			};
			name = Debug;
		};
		44F193041C31336700F2C426 /* Release */ = {
			isa = XCBuildConfiguration;
			buildSettings = {
				BUNDLE_LOADER = "$(TEST_HOST)";
				INFOPLIST_FILE = HRMusicTests/Info.plist;
				LD_RUNPATH_SEARCH_PATHS = "$(inherited) @executable_path/Frameworks @loader_path/Frameworks";
				PRODUCT_BUNDLE_IDENTIFIER = com.hr.HRMusicTests;
				PRODUCT_NAME = "$(TARGET_NAME)";
				TEST_HOST = "$(BUILT_PRODUCTS_DIR)/HRMusic.app/HRMusic";
			};
			name = Release;
		};
		44F193061C31336700F2C426 /* Debug */ = {
			isa = XCBuildConfiguration;
			buildSettings = {
				INFOPLIST_FILE = HRMusicUITests/Info.plist;
				LD_RUNPATH_SEARCH_PATHS = "$(inherited) @executable_path/Frameworks @loader_path/Frameworks";
				PRODUCT_BUNDLE_IDENTIFIER = com.hr.HRMusicUITests;
				PRODUCT_NAME = "$(TARGET_NAME)";
				TEST_TARGET_NAME = HRMusic;
				USES_XCTRUNNER = YES;
			};
			name = Debug;
		};
		44F193071C31336700F2C426 /* Release */ = {
			isa = XCBuildConfiguration;
			buildSettings = {
				INFOPLIST_FILE = HRMusicUITests/Info.plist;
				LD_RUNPATH_SEARCH_PATHS = "$(inherited) @executable_path/Frameworks @loader_path/Frameworks";
				PRODUCT_BUNDLE_IDENTIFIER = com.hr.HRMusicUITests;
				PRODUCT_NAME = "$(TARGET_NAME)";
				TEST_TARGET_NAME = HRMusic;
				USES_XCTRUNNER = YES;
			};
			name = Release;
		};
/* End XCBuildConfiguration section */

/* Begin XCConfigurationList section */
		44F192CD1C31336700F2C426 /* Build configuration list for PBXProject "HRMusic" */ = {
			isa = XCConfigurationList;
			buildConfigurations = (
				44F192FD1C31336700F2C426 /* Debug */,
				44F192FE1C31336700F2C426 /* Release */,
			);
			defaultConfigurationIsVisible = 0;
			defaultConfigurationName = Release;
		};
		44F192FF1C31336700F2C426 /* Build configuration list for PBXNativeTarget "HRMusic" */ = {
			isa = XCConfigurationList;
			buildConfigurations = (
				44F193001C31336700F2C426 /* Debug */,
				44F193011C31336700F2C426 /* Release */,
			);
			defaultConfigurationIsVisible = 0;
		};
		44F193021C31336700F2C426 /* Build configuration list for PBXNativeTarget "HRMusicTests" */ = {
			isa = XCConfigurationList;
			buildConfigurations = (
				44F193031C31336700F2C426 /* Debug */,
				44F193041C31336700F2C426 /* Release */,
			);
			defaultConfigurationIsVisible = 0;
		};
		44F193051C31336700F2C426 /* Build configuration list for PBXNativeTarget "HRMusicUITests" */ = {
			isa = XCConfigurationList;
			buildConfigurations = (
				44F193061C31336700F2C426 /* Debug */,
				44F193071C31336700F2C426 /* Release */,
			);
			defaultConfigurationIsVisible = 0;
		};
/* End XCConfigurationList section */
	};
	rootObject = 44F192CA1C31336700F2C426 /* Project object */;
}
